PODS:
  - Alamofire (3.0.1)
  - AlamofireImage (2.0.0):
    - Alamofire (~> 3.0)
  - CTAssetsPickerController (3.1.1):
    - PureLayout (~> 3.0.0)
  - DateTools (1.7.0)
  - DeviceUtil (1.2.2)
  - Google-Mobile-Ads-SDK (7.5.2)
  - OAStackView (0.2.0)
  - PureLayout (3.0.1)
  - Realm (0.96.2):
    - Realm/Headers (= 0.96.2)
  - Realm/Headers (0.96.2)
  - RealmSwift (0.96.2):
    - Realm (= 0.96.2)
  - SnapKit (0.13.0)
  - SwiftyJSON (2.3.0)

DEPENDENCIES:
  - Alamofire (~> 3.0.1)
  - AlamofireImage (~> 2.0)
  - CTAssetsPickerController (~> 3.1.0)
  - DateTools
  - DeviceUtil
  - Google-Mobile-Ads-SDK
  - OAStackView
  - Realm
  - RealmSwift
  - SnapKit (from `https://github.com/SnapKit/SnapKit.git`, branch `swift-2.0`)
  - SwiftyJSON (from `https://github.com/SwiftyJSON/SwiftyJSON.git`)

EXTERNAL SOURCES:
  SnapKit:
    :branch: swift-2.0
    :git: https://github.com/SnapKit/SnapKit.git
  SwiftyJSON:
    :git: https://github.com/SwiftyJSON/SwiftyJSON.git

CHECKOUT OPTIONS:
  SnapKit:
    :commit: 4f19419528baa3dfaca20e26fea2be410ddc79e2
    :git: https://github.com/SnapKit/SnapKit.git
  SwiftyJSON:
    :commit: 3b5d0d4e0c19173b1bf0dc823bde25ad870f70c0
    :git: https://github.com/SwiftyJSON/SwiftyJSON.git

SPEC CHECKSUMS:
  Alamofire: 2457e1b2e6c46bb05c3a598c542b7bfd08893775
  AlamofireImage: 5cecda9b1031f86067c89ddba1d91ead0a8c3f0e
  CTAssetsPickerController: 6fba9134a230656ffe34ac0effb0060a1ead65cb
  DateTools: 53288ee8b905fdc75897a1e6b5cc0144b14cba60
  DeviceUtil: 6781344f19a7684796d3b2684a9cab5b285ebb3a
  Google-Mobile-Ads-SDK: 24a8ddfc0bcfec281960c5d88f75327df0d86b00
  OAStackView: a05adfec3669a5187b968a8c0a2690ae517271b6
  PureLayout: f35f5384c9c4e4479df041dbe33ad7577b71ddfb
  Realm: 3ce8448151c571e90b85002d984d7f93f54fc8a3
  RealmSwift: 485599fe54e35461c4a0daa7d01d8fbf11424873
  SnapKit: 69fe274c71511df89a5591c11437a8b826bfa9eb
  SwiftyJSON: 8d6b61a70277ef2a5d710d372e06e7e2d87fb9e4

COCOAPODS: 0.39.0
